// !$*UTF8*$!
{
	archiveVersion = 1;
	classes = {
	};
	objectVersion = 51;
	objects = {

/* Begin PBXBuildFile section */
		28F0BD734F9A392D9B82EF53 /* Pods_NewsApp.framework in Frameworks */ = {isa = PBXBuildFile; fileRef = 48AE1935C40C10D1C69A7F13 /* Pods_NewsApp.framework */; };
		879DC8A425056CDA0057AFBA /* BaseViewController.swift in Sources */ = {isa = PBXBuildFile; fileRef = 879DC8A325056CDA0057AFBA /* BaseViewController.swift */; };
		879DC8A6250581C50057AFBA /* DateFormatter+Extension.swift in Sources */ = {isa = PBXBuildFile; fileRef = 879DC8A5250581C50057AFBA /* DateFormatter+Extension.swift */; };
		879ECDF22500F53E00C7C312 /* AppDelegate.swift in Sources */ = {isa = PBXBuildFile; fileRef = 879ECDF12500F53E00C7C312 /* AppDelegate.swift */; };
		879ECDF92500F53E00C7C312 /* Main.storyboard in Resources */ = {isa = PBXBuildFile; fileRef = 879ECDF72500F53E00C7C312 /* Main.storyboard */; };
		879ECDFB2500F54100C7C312 /* Assets.xcassets in Resources */ = {isa = PBXBuildFile; fileRef = 879ECDFA2500F54100C7C312 /* Assets.xcassets */; };
		879ECDFE2500F54100C7C312 /* LaunchScreen.storyboard in Resources */ = {isa = PBXBuildFile; fileRef = 879ECDFC2500F54100C7C312 /* LaunchScreen.storyboard */; };
		879ECE0D2500FE2400C7C312 /* NewsCell.swift in Sources */ = {isa = PBXBuildFile; fileRef = 879ECE0B2500FE2400C7C312 /* NewsCell.swift */; };
		879ECE0E2500FE2400C7C312 /* NewsCell.xib in Resources */ = {isa = PBXBuildFile; fileRef = 879ECE0C2500FE2400C7C312 /* NewsCell.xib */; };
		879ECE172501064900C7C312 /* NewsViewController.swift in Sources */ = {isa = PBXBuildFile; fileRef = 879ECE162501064900C7C312 /* NewsViewController.swift */; };
		879ECE192501066800C7C312 /* FavouritesViewController.swift in Sources */ = {isa = PBXBuildFile; fileRef = 879ECE182501066800C7C312 /* FavouritesViewController.swift */; };
		879ECE1B2501068200C7C312 /* SearchViewController.swift in Sources */ = {isa = PBXBuildFile; fileRef = 879ECE1A2501068200C7C312 /* SearchViewController.swift */; };
		879ECE442501309800C7C312 /* Networking.swift in Sources */ = {isa = PBXBuildFile; fileRef = 879ECE432501309800C7C312 /* Networking.swift */; };
		879ECE48250135C400C7C312 /* ApiConstruction.swift in Sources */ = {isa = PBXBuildFile; fileRef = 879ECE47250135C400C7C312 /* ApiConstruction.swift */; };
		879ECE4D25015CB800C7C312 /* FavouriteNewsViewModel.swift in Sources */ = {isa = PBXBuildFile; fileRef = 879ECE4C25015CB800C7C312 /* FavouriteNewsViewModel.swift */; };
		87A2CEDF25026012001E8E12 /* NewsViewModel.swift in Sources */ = {isa = PBXBuildFile; fileRef = 87A2CEDE25026012001E8E12 /* NewsViewModel.swift */; };
		87A2CEE52502650B001E8E12 /* NewsTabBarViewController.swift in Sources */ = {isa = PBXBuildFile; fileRef = 87A2CEE42502650B001E8E12 /* NewsTabBarViewController.swift */; };
		87A2CEE72502657C001E8E12 /* NewsViewController.xib in Resources */ = {isa = PBXBuildFile; fileRef = 87A2CEE62502657C001E8E12 /* NewsViewController.xib */; };
		87A2CEEA250265B4001E8E12 /* SearchViewController.xib in Resources */ = {isa = PBXBuildFile; fileRef = 87A2CEE9250265B4001E8E12 /* SearchViewController.xib */; };
		87A2CEEE250294DD001E8E12 /* Storage.swift in Sources */ = {isa = PBXBuildFile; fileRef = 87A2CEED250294DD001E8E12 /* Storage.swift */; };
		87A2CEF02502970F001E8E12 /* Translatable.swift in Sources */ = {isa = PBXBuildFile; fileRef = 87A2CEEF2502970F001E8E12 /* Translatable.swift */; };
		87A2CEF22502AA5D001E8E12 /* FavouritesViewController.xib in Resources */ = {isa = PBXBuildFile; fileRef = 87A2CEF12502AA5D001E8E12 /* FavouritesViewController.xib */; };
		87A2CEF42502ECC6001E8E12 /* FavouriteNewsCell.xib in Resources */ = {isa = PBXBuildFile; fileRef = 87A2CEF32502ECC6001E8E12 /* FavouriteNewsCell.xib */; };
		87A2CEF62502F37F001E8E12 /* CheckBox.swift in Sources */ = {isa = PBXBuildFile; fileRef = 87A2CEF52502F37F001E8E12 /* CheckBox.swift */; };
		87A759A1250236A100543D0E /* FavouriteNewsCell.swift in Sources */ = {isa = PBXBuildFile; fileRef = 87A7599F250236A100543D0E /* FavouriteNewsCell.swift */; };
		87A759A82502506300543D0E /* SearchNewsViewModel.swift in Sources */ = {isa = PBXBuildFile; fileRef = 87A759A72502506300543D0E /* SearchNewsViewModel.swift */; };
		87A98CD72504EA5100A2E5D4 /* UIImage+Extension.swift in Sources */ = {isa = PBXBuildFile; fileRef = 87A98CD62504EA5100A2E5D4 /* UIImage+Extension.swift */; };
		87A98CD92504FC5B00A2E5D4 /* CheckInternet.swift in Sources */ = {isa = PBXBuildFile; fileRef = 87A98CD82504FC5B00A2E5D4 /* CheckInternet.swift */; };
/* End PBXBuildFile section */

/* Begin PBXFileReference section */
		48AE1935C40C10D1C69A7F13 /* Pods_NewsApp.framework */ = {isa = PBXFileReference; explicitFileType = wrapper.framework; includeInIndex = 0; path = Pods_NewsApp.framework; sourceTree = BUILT_PRODUCTS_DIR; };
		5690B8566CAFD847FADFED4A /* Pods-NewsApp.debug.xcconfig */ = {isa = PBXFileReference; includeInIndex = 1; lastKnownFileType = text.xcconfig; name = "Pods-NewsApp.debug.xcconfig"; path = "Target Support Files/Pods-NewsApp/Pods-NewsApp.debug.xcconfig"; sourceTree = "<group>"; };
		6885B5E8CDFC059093D726F7 /* Pods-NewsApp.release.xcconfig */ = {isa = PBXFileReference; includeInIndex = 1; lastKnownFileType = text.xcconfig; name = "Pods-NewsApp.release.xcconfig"; path = "Target Support Files/Pods-NewsApp/Pods-NewsApp.release.xcconfig"; sourceTree = "<group>"; };
		879DC8A325056CDA0057AFBA /* BaseViewController.swift */ = {isa = PBXFileReference; lastKnownFileType = sourcecode.swift; path = BaseViewController.swift; sourceTree = "<group>"; };
		879DC8A5250581C50057AFBA /* DateFormatter+Extension.swift */ = {isa = PBXFileReference; lastKnownFileType = sourcecode.swift; path = "DateFormatter+Extension.swift"; sourceTree = "<group>"; };
		879ECDEE2500F53E00C7C312 /* NewsApp.app */ = {isa = PBXFileReference; explicitFileType = wrapper.application; includeInIndex = 0; path = NewsApp.app; sourceTree = BUILT_PRODUCTS_DIR; };
		879ECDF12500F53E00C7C312 /* AppDelegate.swift */ = {isa = PBXFileReference; lastKnownFileType = sourcecode.swift; path = AppDelegate.swift; sourceTree = "<group>"; };
		879ECDF82500F53E00C7C312 /* Base */ = {isa = PBXFileReference; lastKnownFileType = file.storyboard; name = Base; path = Base.lproj/Main.storyboard; sourceTree = "<group>"; };
		879ECDFA2500F54100C7C312 /* Assets.xcassets */ = {isa = PBXFileReference; lastKnownFileType = folder.assetcatalog; path = Assets.xcassets; sourceTree = "<group>"; };
		879ECDFD2500F54100C7C312 /* Base */ = {isa = PBXFileReference; lastKnownFileType = file.storyboard; name = Base; path = Base.lproj/LaunchScreen.storyboard; sourceTree = "<group>"; };
		879ECDFF2500F54100C7C312 /* Info.plist */ = {isa = PBXFileReference; lastKnownFileType = text.plist.xml; path = Info.plist; sourceTree = "<group>"; };
		879ECE0B2500FE2400C7C312 /* NewsCell.swift */ = {isa = PBXFileReference; lastKnownFileType = sourcecode.swift; path = NewsCell.swift; sourceTree = "<group>"; };
		879ECE0C2500FE2400C7C312 /* NewsCell.xib */ = {isa = PBXFileReference; lastKnownFileType = file.xib; path = NewsCell.xib; sourceTree = "<group>"; };
		879ECE162501064900C7C312 /* NewsViewController.swift */ = {isa = PBXFileReference; fileEncoding = 4; lastKnownFileType = sourcecode.swift; path = NewsViewController.swift; sourceTree = "<group>"; };
		879ECE182501066800C7C312 /* FavouritesViewController.swift */ = {isa = PBXFileReference; lastKnownFileType = sourcecode.swift; path = FavouritesViewController.swift; sourceTree = "<group>"; };
		879ECE1A2501068200C7C312 /* SearchViewController.swift */ = {isa = PBXFileReference; lastKnownFileType = sourcecode.swift; path = SearchViewController.swift; sourceTree = "<group>"; };
		879ECE432501309800C7C312 /* Networking.swift */ = {isa = PBXFileReference; lastKnownFileType = sourcecode.swift; path = Networking.swift; sourceTree = "<group>"; };
		879ECE47250135C400C7C312 /* ApiConstruction.swift */ = {isa = PBXFileReference; lastKnownFileType = sourcecode.swift; path = ApiConstruction.swift; sourceTree = "<group>"; };
		879ECE4C25015CB800C7C312 /* FavouriteNewsViewModel.swift */ = {isa = PBXFileReference; lastKnownFileType = sourcecode.swift; path = FavouriteNewsViewModel.swift; sourceTree = "<group>"; };
		87A2CEDE25026012001E8E12 /* NewsViewModel.swift */ = {isa = PBXFileReference; fileEncoding = 4; lastKnownFileType = sourcecode.swift; path = NewsViewModel.swift; sourceTree = "<group>"; };
		87A2CEE42502650B001E8E12 /* NewsTabBarViewController.swift */ = {isa = PBXFileReference; lastKnownFileType = sourcecode.swift; path = NewsTabBarViewController.swift; sourceTree = "<group>"; };
		87A2CEE62502657C001E8E12 /* NewsViewController.xib */ = {isa = PBXFileReference; lastKnownFileType = file.xib; path = NewsViewController.xib; sourceTree = "<group>"; };
		87A2CEE9250265B4001E8E12 /* SearchViewController.xib */ = {isa = PBXFileReference; lastKnownFileType = file.xib; path = SearchViewController.xib; sourceTree = "<group>"; };
		87A2CEED250294DD001E8E12 /* Storage.swift */ = {isa = PBXFileReference; lastKnownFileType = sourcecode.swift; path = Storage.swift; sourceTree = "<group>"; };
		87A2CEEF2502970F001E8E12 /* Translatable.swift */ = {isa = PBXFileReference; lastKnownFileType = sourcecode.swift; path = Translatable.swift; sourceTree = "<group>"; };
		87A2CEF12502AA5D001E8E12 /* FavouritesViewController.xib */ = {isa = PBXFileReference; lastKnownFileType = file.xib; path = FavouritesViewController.xib; sourceTree = "<group>"; };
		87A2CEF32502ECC6001E8E12 /* FavouriteNewsCell.xib */ = {isa = PBXFileReference; fileEncoding = 4; lastKnownFileType = file.xib; path = FavouriteNewsCell.xib; sourceTree = "<group>"; };
		87A2CEF52502F37F001E8E12 /* CheckBox.swift */ = {isa = PBXFileReference; lastKnownFileType = sourcecode.swift; path = CheckBox.swift; sourceTree = "<group>"; };
		87A7599F250236A100543D0E /* FavouriteNewsCell.swift */ = {isa = PBXFileReference; lastKnownFileType = sourcecode.swift; path = FavouriteNewsCell.swift; sourceTree = "<group>"; };
		87A759A72502506300543D0E /* SearchNewsViewModel.swift */ = {isa = PBXFileReference; lastKnownFileType = sourcecode.swift; path = SearchNewsViewModel.swift; sourceTree = "<group>"; };
		87A98CD62504EA5100A2E5D4 /* UIImage+Extension.swift */ = {isa = PBXFileReference; lastKnownFileType = sourcecode.swift; path = "UIImage+Extension.swift"; sourceTree = "<group>"; };
		87A98CD82504FC5B00A2E5D4 /* CheckInternet.swift */ = {isa = PBXFileReference; lastKnownFileType = sourcecode.swift; path = CheckInternet.swift; sourceTree = "<group>"; };
/* End PBXFileReference section */

/* Begin PBXFrameworksBuildPhase section */
		879ECDEB2500F53E00C7C312 /* Frameworks */ = {
			isa = PBXFrameworksBuildPhase;
			buildActionMask = 2147483647;
			files = (
				28F0BD734F9A392D9B82EF53 /* Pods_NewsApp.framework in Frameworks */,
			);
			runOnlyForDeploymentPostprocessing = 0;
		};
/* End PBXFrameworksBuildPhase section */

/* Begin PBXGroup section */
		879ECDE52500F53E00C7C312 = {
			isa = PBXGroup;
			children = (
				879ECDF02500F53E00C7C312 /* NewsApp */,
				879ECDEF2500F53E00C7C312 /* Products */,
				9BACF8D7B1DBA65F5553BAC8 /* Pods */,
				FA8A1102B49983A17C1A764D /* Frameworks */,
			);
			sourceTree = "<group>";
		};
		879ECDEF2500F53E00C7C312 /* Products */ = {
			isa = PBXGroup;
			children = (
				879ECDEE2500F53E00C7C312 /* NewsApp.app */,
			);
			name = Products;
			sourceTree = "<group>";
		};
		879ECDF02500F53E00C7C312 /* NewsApp */ = {
			isa = PBXGroup;
			children = (
				87A2CEE32502607E001E8E12 /* Classes */,
				87A2CEDD25025FC3001E8E12 /* UI */,
				87A98CDA2504FC6900A2E5D4 /* Network */,
				879ECDF72500F53E00C7C312 /* Main.storyboard */,
				879ECDFF2500F54100C7C312 /* Info.plist */,
				879ECDFA2500F54100C7C312 /* Assets.xcassets */,
				879ECDFC2500F54100C7C312 /* LaunchScreen.storyboard */,
			);
			path = NewsApp;
			sourceTree = "<group>";
		};
		879ECE0A2500FDDE00C7C312 /* NewsCell */ = {
			isa = PBXGroup;
			children = (
				879ECE0B2500FE2400C7C312 /* NewsCell.swift */,
				879ECE0C2500FE2400C7C312 /* NewsCell.xib */,
			);
			path = NewsCell;
			sourceTree = "<group>";
		};
		879ECE152501063D00C7C312 /* ViewControllers */ = {
			isa = PBXGroup;
			children = (
				87A2CEE02502601F001E8E12 /* News */,
				87A2CEE125026035001E8E12 /* Favourite */,
				87A2CEE22502604C001E8E12 /* Search */,
			);
			path = ViewControllers;
			sourceTree = "<group>";
		};
		87A2CEDD25025FC3001E8E12 /* UI */ = {
			isa = PBXGroup;
			children = (
				87A2CEE42502650B001E8E12 /* NewsTabBarViewController.swift */,
				879DC8A325056CDA0057AFBA /* BaseViewController.swift */,
				87A759A4250236CB00543D0E /* Cells */,
				879ECE152501063D00C7C312 /* ViewControllers */,
			);
			path = UI;
			sourceTree = "<group>";
		};
		87A2CEE02502601F001E8E12 /* News */ = {
			isa = PBXGroup;
			children = (
				879ECE162501064900C7C312 /* NewsViewController.swift */,
				87A2CEDE25026012001E8E12 /* NewsViewModel.swift */,
				87A2CEE62502657C001E8E12 /* NewsViewController.xib */,
			);
			path = News;
			sourceTree = "<group>";
		};
		87A2CEE125026035001E8E12 /* Favourite */ = {
			isa = PBXGroup;
			children = (
				879ECE182501066800C7C312 /* FavouritesViewController.swift */,
				879ECE4C25015CB800C7C312 /* FavouriteNewsViewModel.swift */,
				87A2CEF12502AA5D001E8E12 /* FavouritesViewController.xib */,
			);
			path = Favourite;
			sourceTree = "<group>";
		};
		87A2CEE22502604C001E8E12 /* Search */ = {
			isa = PBXGroup;
			children = (
				879ECE1A2501068200C7C312 /* SearchViewController.swift */,
				87A759A72502506300543D0E /* SearchNewsViewModel.swift */,
				87A2CEE9250265B4001E8E12 /* SearchViewController.xib */,
			);
			path = Search;
			sourceTree = "<group>";
		};
		87A2CEE32502607E001E8E12 /* Classes */ = {
			isa = PBXGroup;
			children = (
				879ECDF12500F53E00C7C312 /* AppDelegate.swift */,
				87A2CEED250294DD001E8E12 /* Storage.swift */,
				87A2CEEF2502970F001E8E12 /* Translatable.swift */,
				87A2CEF52502F37F001E8E12 /* CheckBox.swift */,
				87A98CD62504EA5100A2E5D4 /* UIImage+Extension.swift */,
				879ECE47250135C400C7C312 /* ApiConstruction.swift */,
				879DC8A5250581C50057AFBA /* DateFormatter+Extension.swift */,
			);
			path = Classes;
			sourceTree = "<group>";
		};
		87A759A3250236AC00543D0E /* FavouriteNewsCell */ = {
			isa = PBXGroup;
			children = (
				87A7599F250236A100543D0E /* FavouriteNewsCell.swift */,
				87A2CEF32502ECC6001E8E12 /* FavouriteNewsCell.xib */,
			);
			path = FavouriteNewsCell;
			sourceTree = "<group>";
		};
		87A759A4250236CB00543D0E /* Cells */ = {
			isa = PBXGroup;
			children = (
				879ECE0A2500FDDE00C7C312 /* NewsCell */,
				87A759A3250236AC00543D0E /* FavouriteNewsCell */,
			);
			path = Cells;
			sourceTree = "<group>";
		};
		87A98CDA2504FC6900A2E5D4 /* Network */ = {
			isa = PBXGroup;
			children = (
				879ECE432501309800C7C312 /* Networking.swift */,
				87A98CD82504FC5B00A2E5D4 /* CheckInternet.swift */,
			);
			path = Network;
			sourceTree = "<group>";
		};
		9BACF8D7B1DBA65F5553BAC8 /* Pods */ = {
			isa = PBXGroup;
			children = (
				5690B8566CAFD847FADFED4A /* Pods-NewsApp.debug.xcconfig */,
				6885B5E8CDFC059093D726F7 /* Pods-NewsApp.release.xcconfig */,
			);
			path = Pods;
			sourceTree = "<group>";
		};
		FA8A1102B49983A17C1A764D /* Frameworks */ = {
			isa = PBXGroup;
			children = (
				48AE1935C40C10D1C69A7F13 /* Pods_NewsApp.framework */,
			);
			name = Frameworks;
			sourceTree = "<group>";
		};
/* End PBXGroup section */

/* Begin PBXNativeTarget section */
		879ECDED2500F53E00C7C312 /* NewsApp */ = {
			isa = PBXNativeTarget;
			buildConfigurationList = 879ECE022500F54100C7C312 /* Build configuration list for PBXNativeTarget "NewsApp" */;
			buildPhases = (
				5CEE9372DA09AFB0C026AF08 /* [CP] Check Pods Manifest.lock */,
				879ECDEA2500F53E00C7C312 /* Sources */,
				879ECDEB2500F53E00C7C312 /* Frameworks */,
				879ECDEC2500F53E00C7C312 /* Resources */,
				387A847DBA0FA93C2586877B /* [CP] Embed Pods Frameworks */,
			);
			buildRules = (
			);
			dependencies = (
			);
			name = NewsApp;
			productName = NewsApp;
			productReference = 879ECDEE2500F53E00C7C312 /* NewsApp.app */;
			productType = "com.apple.product-type.application";
		};
/* End PBXNativeTarget section */

/* Begin PBXProject section */
		879ECDE62500F53E00C7C312 /* Project object */ = {
			isa = PBXProject;
			attributes = {
				LastSwiftUpdateCheck = 1160;
				LastUpgradeCheck = 1160;
				ORGANIZATIONNAME = "Михаил Задорожный";
				TargetAttributes = {
					879ECDED2500F53E00C7C312 = {
						CreatedOnToolsVersion = 11.6;
					};
				};
			};
			buildConfigurationList = 879ECDE92500F53E00C7C312 /* Build configuration list for PBXProject "NewsApp" */;
			compatibilityVersion = "Xcode 9.3";
			developmentRegion = en;
			hasScannedForEncodings = 0;
			knownRegions = (
				en,
				Base,
			);
			mainGroup = 879ECDE52500F53E00C7C312;
			productRefGroup = 879ECDEF2500F53E00C7C312 /* Products */;
			projectDirPath = "";
			projectRoot = "";
			targets = (
				879ECDED2500F53E00C7C312 /* NewsApp */,
			);
		};
/* End PBXProject section */

/* Begin PBXResourcesBuildPhase section */
		879ECDEC2500F53E00C7C312 /* Resources */ = {
			isa = PBXResourcesBuildPhase;
			buildActionMask = 2147483647;
			files = (
				87A2CEF42502ECC6001E8E12 /* FavouriteNewsCell.xib in Resources */,
				879ECDFE2500F54100C7C312 /* LaunchScreen.storyboard in Resources */,
				879ECDFB2500F54100C7C312 /* Assets.xcassets in Resources */,
				879ECE0E2500FE2400C7C312 /* NewsCell.xib in Resources */,
				87A2CEF22502AA5D001E8E12 /* FavouritesViewController.xib in Resources */,
				879ECDF92500F53E00C7C312 /* Main.storyboard in Resources */,
				87A2CEE72502657C001E8E12 /* NewsViewController.xib in Resources */,
				87A2CEEA250265B4001E8E12 /* SearchViewController.xib in Resources */,
			);
			runOnlyForDeploymentPostprocessing = 0;
		};
/* End PBXResourcesBuildPhase section */

/* Begin PBXShellScriptBuildPhase section */
		387A847DBA0FA93C2586877B /* [CP] Embed Pods Frameworks */ = {
			isa = PBXShellScriptBuildPhase;
			buildActionMask = 2147483647;
			files = (
			);
			inputFileListPaths = (
				"${PODS_ROOT}/Target Support Files/Pods-NewsApp/Pods-NewsApp-frameworks-${CONFIGURATION}-input-files.xcfilelist",
			);
			name = "[CP] Embed Pods Frameworks";
			outputFileListPaths = (
				"${PODS_ROOT}/Target Support Files/Pods-NewsApp/Pods-NewsApp-frameworks-${CONFIGURATION}-output-files.xcfilelist",
			);
			runOnlyForDeploymentPostprocessing = 0;
			shellPath = /bin/sh;
			shellScript = "\"${PODS_ROOT}/Target Support Files/Pods-NewsApp/Pods-NewsApp-frameworks.sh\"\n";
			showEnvVarsInLog = 0;
		};
		5CEE9372DA09AFB0C026AF08 /* [CP] Check Pods Manifest.lock */ = {
			isa = PBXShellScriptBuildPhase;
			buildActionMask = 2147483647;
			files = (
			);
			inputFileListPaths = (
			);
			inputPaths = (
				"${PODS_PODFILE_DIR_PATH}/Podfile.lock",
				"${PODS_ROOT}/Manifest.lock",
			);
			name = "[CP] Check Pods Manifest.lock";
			outputFileListPaths = (
			);
			outputPaths = (
				"$(DERIVED_FILE_DIR)/Pods-NewsApp-checkManifestLockResult.txt",
			);
			runOnlyForDeploymentPostprocessing = 0;
			shellPath = /bin/sh;
			shellScript = "diff \"${PODS_PODFILE_DIR_PATH}/Podfile.lock\" \"${PODS_ROOT}/Manifest.lock\" > /dev/null\nif [ $? != 0 ] ; then\n    # print error to STDERR\n    echo \"error: The sandbox is not in sync with the Podfile.lock. Run 'pod install' or update your CocoaPods installation.\" >&2\n    exit 1\nfi\n# This output is used by Xcode 'outputs' to avoid re-running this script phase.\necho \"SUCCESS\" > \"${SCRIPT_OUTPUT_FILE_0}\"\n";
			showEnvVarsInLog = 0;
		};
/* End PBXShellScriptBuildPhase section */

/* Begin PBXSourcesBuildPhase section */
		879ECDEA2500F53E00C7C312 /* Sources */ = {
			isa = PBXSourcesBuildPhase;
			buildActionMask = 2147483647;
			files = (
				87A2CEF62502F37F001E8E12 /* CheckBox.swift in Sources */,
				87A2CEEE250294DD001E8E12 /* Storage.swift in Sources */,
				879ECDF22500F53E00C7C312 /* AppDelegate.swift in Sources */,
				87A98CD92504FC5B00A2E5D4 /* CheckInternet.swift in Sources */,
				879DC8A425056CDA0057AFBA /* BaseViewController.swift in Sources */,
				87A2CEF02502970F001E8E12 /* Translatable.swift in Sources */,
				87A98CD72504EA5100A2E5D4 /* UIImage+Extension.swift in Sources */,
				879ECE4D25015CB800C7C312 /* FavouriteNewsViewModel.swift in Sources */,
				879ECE0D2500FE2400C7C312 /* NewsCell.swift in Sources */,
				879ECE1B2501068200C7C312 /* SearchViewController.swift in Sources */,
				87A759A1250236A100543D0E /* FavouriteNewsCell.swift in Sources */,
				87A2CEE52502650B001E8E12 /* NewsTabBarViewController.swift in Sources */,
				879ECE48250135C400C7C312 /* ApiConstruction.swift in Sources */,
				879ECE442501309800C7C312 /* Networking.swift in Sources */,
				879DC8A6250581C50057AFBA /* DateFormatter+Extension.swift in Sources */,
				879ECE172501064900C7C312 /* NewsViewController.swift in Sources */,
				87A759A82502506300543D0E /* SearchNewsViewModel.swift in Sources */,
				87A2CEDF25026012001E8E12 /* NewsViewModel.swift in Sources */,
				879ECE192501066800C7C312 /* FavouritesViewController.swift in Sources */,
			);
			runOnlyForDeploymentPostprocessing = 0;
		};
/* End PBXSourcesBuildPhase section */

/* Begin PBXVariantGroup section */
		879ECDF72500F53E00C7C312 /* Main.storyboard */ = {
			isa = PBXVariantGroup;
			children = (
				879ECDF82500F53E00C7C312 /* Base */,
			);
			name = Main.storyboard;
			sourceTree = "<group>";
		};
		879ECDFC2500F54100C7C312 /* LaunchScreen.storyboard */ = {
			isa = PBXVariantGroup;
			children = (
				879ECDFD2500F54100C7C312 /* Base */,
			);
			name = LaunchScreen.storyboard;
			sourceTree = "<group>";
		};
/* End PBXVariantGroup section */

/* Begin XCBuildConfiguration section */
		879ECE002500F54100C7C312 /* Debug */ = {
			isa = XCBuildConfiguration;
			buildSettings = {
				ALWAYS_SEARCH_USER_PATHS = NO;
				CLANG_ANALYZER_NONNULL = YES;
				CLANG_ANALYZER_NUMBER_OBJECT_CONVERSION = YES_AGGRESSIVE;
				CLANG_CXX_LANGUAGE_STANDARD = "gnu++14";
				CLANG_CXX_LIBRARY = "libc++";
				CLANG_ENABLE_MODULES = YES;
				CLANG_ENABLE_OBJC_ARC = YES;
				CLANG_ENABLE_OBJC_WEAK = YES;
				CLANG_WARN_BLOCK_CAPTURE_AUTORELEASING = YES;
				CLANG_WARN_BOOL_CONVERSION = YES;
				CLANG_WARN_COMMA = YES;
				CLANG_WARN_CONSTANT_CONVERSION = YES;
				CLANG_WARN_DEPRECATED_OBJC_IMPLEMENTATIONS = YES;
				CLANG_WARN_DIRECT_OBJC_ISA_USAGE = YES_ERROR;
				CLANG_WARN_DOCUMENTATION_COMMENTS = YES;
				CLANG_WARN_EMPTY_BODY = YES;
				CLANG_WARN_ENUM_CONVERSION = YES;
				CLANG_WARN_INFINITE_RECURSION = YES;
				CLANG_WARN_INT_CONVERSION = YES;
				CLANG_WARN_NON_LITERAL_NULL_CONVERSION = YES;
				CLANG_WARN_OBJC_IMPLICIT_RETAIN_SELF = YES;
				CLANG_WARN_OBJC_LITERAL_CONVERSION = YES;
				CLANG_WARN_OBJC_ROOT_CLASS = YES_ERROR;
				CLANG_WARN_RANGE_LOOP_ANALYSIS = YES;
				CLANG_WARN_STRICT_PROTOTYPES = YES;
				CLANG_WARN_SUSPICIOUS_MOVE = YES;
				CLANG_WARN_UNGUARDED_AVAILABILITY = YES_AGGRESSIVE;
				CLANG_WARN_UNREACHABLE_CODE = YES;
				CLANG_WARN__DUPLICATE_METHOD_MATCH = YES;
				COPY_PHASE_STRIP = NO;
				DEBUG_INFORMATION_FORMAT = dwarf;
				ENABLE_STRICT_OBJC_MSGSEND = YES;
				ENABLE_TESTABILITY = YES;
				GCC_C_LANGUAGE_STANDARD = gnu11;
				GCC_DYNAMIC_NO_PIC = NO;
				GCC_NO_COMMON_BLOCKS = YES;
				GCC_OPTIMIZATION_LEVEL = 0;
				GCC_PREPROCESSOR_DEFINITIONS = (
					"DEBUG=1",
					"$(inherited)",
				);
				GCC_WARN_64_TO_32_BIT_CONVERSION = YES;
				GCC_WARN_ABOUT_RETURN_TYPE = YES_ERROR;
				GCC_WARN_UNDECLARED_SELECTOR = YES;
				GCC_WARN_UNINITIALIZED_AUTOS = YES_AGGRESSIVE;
				GCC_WARN_UNUSED_FUNCTION = YES;
				GCC_WARN_UNUSED_VARIABLE = YES;
				IPHONEOS_DEPLOYMENT_TARGET = 13.6;
				MTL_ENABLE_DEBUG_INFO = INCLUDE_SOURCE;
				MTL_FAST_MATH = YES;
				ONLY_ACTIVE_ARCH = YES;
				SDKROOT = iphoneos;
				SWIFT_ACTIVE_COMPILATION_CONDITIONS = DEBUG;
				SWIFT_OPTIMIZATION_LEVEL = "-Onone";
			};
			name = Debug;
		};
		879ECE012500F54100C7C312 /* Release */ = {
			isa = XCBuildConfiguration;
			buildSettings = {
				ALWAYS_SEARCH_USER_PATHS = NO;
				CLANG_ANALYZER_NONNULL = YES;
				CLANG_ANALYZER_NUMBER_OBJECT_CONVERSION = YES_AGGRESSIVE;
				CLANG_CXX_LANGUAGE_STANDARD = "gnu++14";
				CLANG_CXX_LIBRARY = "libc++";
				CLANG_ENABLE_MODULES = YES;
				CLANG_ENABLE_OBJC_ARC = YES;
				CLANG_ENABLE_OBJC_WEAK = YES;
				CLANG_WARN_BLOCK_CAPTURE_AUTORELEASING = YES;
				CLANG_WARN_BOOL_CONVERSION = YES;
				CLANG_WARN_COMMA = YES;
				CLANG_WARN_CONSTANT_CONVERSION = YES;
				CLANG_WARN_DEPRECATED_OBJC_IMPLEMENTATIONS = YES;
				CLANG_WARN_DIRECT_OBJC_ISA_USAGE = YES_ERROR;
				CLANG_WARN_DOCUMENTATION_COMMENTS = YES;
				CLANG_WARN_EMPTY_BODY = YES;
				CLANG_WARN_ENUM_CONVERSION = YES;
				CLANG_WARN_INFINITE_RECURSION = YES;
				CLANG_WARN_INT_CONVERSION = YES;
				CLANG_WARN_NON_LITERAL_NULL_CONVERSION = YES;
				CLANG_WARN_OBJC_IMPLICIT_RETAIN_SELF = YES;
				CLANG_WARN_OBJC_LITERAL_CONVERSION = YES;
				CLANG_WARN_OBJC_ROOT_CLASS = YES_ERROR;
				CLANG_WARN_RANGE_LOOP_ANALYSIS = YES;
				CLANG_WARN_STRICT_PROTOTYPES = YES;
				CLANG_WARN_SUSPICIOUS_MOVE = YES;
				CLANG_WARN_UNGUARDED_AVAILABILITY = YES_AGGRESSIVE;
				CLANG_WARN_UNREACHABLE_CODE = YES;
				CLANG_WARN__DUPLICATE_METHOD_MATCH = YES;
				COPY_PHASE_STRIP = NO;
				DEBUG_INFORMATION_FORMAT = "dwarf-with-dsym";
				ENABLE_NS_ASSERTIONS = NO;
				ENABLE_STRICT_OBJC_MSGSEND = YES;
				GCC_C_LANGUAGE_STANDARD = gnu11;
				GCC_NO_COMMON_BLOCKS = YES;
				GCC_WARN_64_TO_32_BIT_CONVERSION = YES;
				GCC_WARN_ABOUT_RETURN_TYPE = YES_ERROR;
				GCC_WARN_UNDECLARED_SELECTOR = YES;
				GCC_WARN_UNINITIALIZED_AUTOS = YES_AGGRESSIVE;
				GCC_WARN_UNUSED_FUNCTION = YES;
				GCC_WARN_UNUSED_VARIABLE = YES;
				IPHONEOS_DEPLOYMENT_TARGET = 13.6;
				MTL_ENABLE_DEBUG_INFO = NO;
				MTL_FAST_MATH = YES;
				SDKROOT = iphoneos;
				SWIFT_COMPILATION_MODE = wholemodule;
				SWIFT_OPTIMIZATION_LEVEL = "-O";
				VALIDATE_PRODUCT = YES;
			};
			name = Release;
		};
		879ECE032500F54100C7C312 /* Debug */ = {
			isa = XCBuildConfiguration;
			baseConfigurationReference = 5690B8566CAFD847FADFED4A /* Pods-NewsApp.debug.xcconfig */;
			buildSettings = {
				ASSETCATALOG_COMPILER_APPICON_NAME = AppIcon;
				CODE_SIGN_STYLE = Automatic;
				DEVELOPMENT_TEAM = 8265783G3Y;
				INFOPLIST_FILE = NewsApp/Info.plist;
				IPHONEOS_DEPLOYMENT_TARGET = 10.0;
				LD_RUNPATH_SEARCH_PATHS = (
					"$(inherited)",
					"@executable_path/Frameworks",
				);
				PRODUCT_BUNDLE_IDENTIFIER = com.zadoromihail.NewsApp;
				PRODUCT_NAME = "$(TARGET_NAME)";
				SWIFT_VERSION = 5.0;
				TARGETED_DEVICE_FAMILY = "1,2";
			};
			name = Debug;
		};
		879ECE042500F54100C7C312 /* Release */ = {
			isa = XCBuildConfiguration;
			baseConfigurationReference = 6885B5E8CDFC059093D726F7 /* Pods-NewsApp.release.xcconfig */;
			buildSettings = {
				ASSETCATALOG_COMPILER_APPICON_NAME = AppIcon;
				CODE_SIGN_STYLE = Automatic;
				DEVELOPMENT_TEAM = 8265783G3Y;
				INFOPLIST_FILE = NewsApp/Info.plist;
				IPHONEOS_DEPLOYMENT_TARGET = 10.0;
				LD_RUNPATH_SEARCH_PATHS = (
					"$(inherited)",
					"@executable_path/Frameworks",
				);
				PRODUCT_BUNDLE_IDENTIFIER = com.zadoromihail.NewsApp;
				PRODUCT_NAME = "$(TARGET_NAME)";
				SWIFT_VERSION = 5.0;
				TARGETED_DEVICE_FAMILY = "1,2";
			};
			name = Release;
		};
/* End XCBuildConfiguration section */

/* Begin XCConfigurationList section */
		879ECDE92500F53E00C7C312 /* Build configuration list for PBXProject "NewsApp" */ = {
			isa = XCConfigurationList;
			buildConfigurations = (
				879ECE002500F54100C7C312 /* Debug */,
				879ECE012500F54100C7C312 /* Release */,
			);
			defaultConfigurationIsVisible = 0;
			defaultConfigurationName = Release;
		};
		879ECE022500F54100C7C312 /* Build configuration list for PBXNativeTarget "NewsApp" */ = {
			isa = XCConfigurationList;
			buildConfigurations = (
				879ECE032500F54100C7C312 /* Debug */,
				879ECE042500F54100C7C312 /* Release */,
			);
			defaultConfigurationIsVisible = 0;
			defaultConfigurationName = Release;
		};
/* End XCConfigurationList section */
	};
	rootObject = 879ECDE62500F53E00C7C312 /* Project object */;
}
